
Microsoft Visual Studio Solution File, Format Version 12.00
# Visual Studio Version 16
VisualStudioVersion = 16.0.29926.136
MinimumVisualStudioVersion = 10.0.40219.1
Project("{FAE04EC0-301F-11D3-BF4B-00C04F79EFBC}") = "Oasis-eCart", "Oasis-eCart\Oasis-eCart.csproj", "{3F5E28D3-C6F2-416A-8031-456FD20D78D0}"
EndProject
Global
	GlobalSection(SolutionConfigurationPlatforms) = preSolution
		Debug|Any CPU = Debug|Any CPU
		Release|Any CPU = Release|Any CPU
	EndGlobalSection
	GlobalSection(ProjectConfigurationPlatforms) = postSolution
		{3F5E28D3-C6F2-416A-8031-456FD20D78D0}.Debug|Any CPU.ActiveCfg = Debug|Any CPU
		{3F5E28D3-C6F2-416A-8031-456FD20D78D0}.Debug|Any CPU.Build.0 = Debug|Any CPU
		{3F5E28D3-C6F2-416A-8031-456FD20D78D0}.Release|Any CPU.ActiveCfg = Release|Any CPU
		{3F5E28D3-C6F2-416A-8031-456FD20D78D0}.Release|Any CPU.Build.0 = Release|Any CPU
	EndGlobalSection
	GlobalSection(SolutionProperties) = preSolution
		HideSolutionNode = FALSE
	EndGlobalSection
	GlobalSection(ExtensibilityGlobals) = postSolution
		SolutionGuid = {A0C777D7-7B62-4F58-97F4-74F34640B323}
	EndGlobalSection
EndGlobal
